{
  "name": "estudo12.3-api",
  "version": "1.0.0",
  "lockfileVersion": 1,
  "requires": true,
  "dependencies": {
    "core-js": {
      "version": "3.12.1",
      "resolved": "https://registry.npmjs.org/core-js/-/core-js-3.12.1.tgz",
      "integrity": "sha512-Ne9DKPHTObRuB09Dru5AjwKjY4cJHVGu+y5f7coGn1E9Grkc3p2iBwE9AI/nJzsE29mQF7oq+mhYYRqOMFN1Bw=="
    },
    "newsapi": {
      "version": "2.4.1",
      "resolved": "https://registry.npmjs.org/newsapi/-/newsapi-2.4.1.tgz",
      "integrity": "sha512-yw/aZBgDwNbNMqQ1V7XFKdW2jvL8Fh4qMiU0Awin87Rt6lbPnS8OuiLaL15Ws5X82/EXhzNf/djAlPHOWVgMJg==",
      "requires": {
        "core-js": "^3.6.5",
        "node-fetch": "^2.6.0"
      }
    },
    "node-fetch": {
      "version": "2.6.1",
      "resolved": "https://registry.npmjs.org/node-fetch/-/node-fetch-2.6.1.tgz",
      "integrity": "sha512-V4aYg89jEoVRxRb2fJdAg8FHvI7cEyYdVAh94HH0UIK8oJxUfkjlDQN9RbMx+bEjP7+ggMiFRprSti032Oipxw=="
    }
  }
}
